lockfileVersion: '6.0'

settings:
  autoInstallPeers: true
  excludeLinksFromLockfile: false

importers:

  .:
    devDependencies:
      pnpm:
        specifier: ^8.9.2
        version: 8.9.2

packages:

  /pnpm@8.9.2:
    resolution: {integrity: sha512-udNf6RsqWFTa3EMDSj57LmdfpLVuIOjgnvB4+lU8GPiu1EBR57Nui43UNfl+sMRMT/O0T8fG+n0h4frBe75mHg==}
    engines: {node: '>=16.14'}
    hasBin: true
    dev: true
